
Microsoft Visual Studio Solution File, Format Version 12.00
# Visual Studio Version 18
VisualStudioVersion = 18.7.11919.86 stable
MinimumVisualStudioVersion = 10.0.40219.1
Project("{9A19103F-16F7-4668-BE54-9A1E7A4F7556}") = "Corpetur.Api", "Corpetur.Api\Corpetur.Api.csproj", "{5B24ADFC-A25E-48D8-AA50-4C28F5B7E39D}"
EndProject
Project("{FAE04EC0-301F-11D3-BF4B-00C04F79EFBC}") = "Corpetur.Api.Tests", "Corpetur.Api.Tests\Corpetur.Api.Tests.csproj", "{A7E0501F-33F2-4EF2-90ED-00C266C7AB0E}"
EndProject
Global
	GlobalSection(SolutionConfigurationPlatforms) = preSolution
		Debug|Any CPU = Debug|Any CPU
		Debug|x64 = Debug|x64
		Debug|x86 = Debug|x86
		Release|Any CPU = Release|Any CPU
		Release|x64 = Release|x64
		Release|x86 = Release|x86
	EndGlobalSection
	GlobalSection(ProjectConfigurationPlatforms) = postSolution
		{5B24ADFC-A25E-48D8-AA50-4C28F5B7E39D}.Debug|Any CPU.ActiveCfg = Debug|Any CPU
		{5B24ADFC-A25E-48D8-AA50-4C28F5B7E39D}.Debug|Any CPU.Build.0 = Debug|Any CPU
		{5B24ADFC-A25E-48D8-AA50-4C28F5B7E39D}.Debug|x64.ActiveCfg = Debug|Any CPU
		{5B24ADFC-A25E-48D8-AA50-4C28F5B7E39D}.Debug|x64.Build.0 = Debug|Any CPU
		{5B24ADFC-A25E-48D8-AA50-4C28F5B7E39D}.Debug|x86.ActiveCfg = Debug|Any CPU
		{5B24ADFC-A25E-48D8-AA50-4C28F5B7E39D}.Debug|x86.Build.0 = Debug|Any CPU
		{5B24ADFC-A25E-48D8-AA50-4C28F5B7E39D}.Release|Any CPU.ActiveCfg = Release|Any CPU
		{5B24ADFC-A25E-48D8-AA50-4C28F5B7E39D}.Release|Any CPU.Build.0 = Release|Any CPU
		{5B24ADFC-A25E-48D8-AA50-4C28F5B7E39D}.Release|x64.ActiveCfg = Release|Any CPU
		{5B24ADFC-A25E-48D8-AA50-4C28F5B7E39D}.Release|x64.Build.0 = Release|Any CPU
		{5B24ADFC-A25E-48D8-AA50-4C28F5B7E39D}.Release|x86.ActiveCfg = Release|Any CPU
		{5B24ADFC-A25E-48D8-AA50-4C28F5B7E39D}.Release|x86.Build.0 = Release|Any CPU
		{A7E0501F-33F2-4EF2-90ED-00C266C7AB0E}.Debug|Any CPU.ActiveCfg = Debug|Any CPU
		{A7E0501F-33F2-4EF2-90ED-00C266C7AB0E}.Debug|Any CPU.Build.0 = Debug|Any CPU
		{A7E0501F-33F2-4EF2-90ED-00C266C7AB0E}.Debug|x64.ActiveCfg = Debug|Any CPU
		{A7E0501F-33F2-4EF2-90ED-00C266C7AB0E}.Debug|x64.Build.0 = Debug|Any CPU
		{A7E0501F-33F2-4EF2-90ED-00C266C7AB0E}.Debug|x86.ActiveCfg = Debug|Any CPU
		{A7E0501F-33F2-4EF2-90ED-00C266C7AB0E}.Debug|x86.Build.0 = Debug|Any CPU
		{A7E0501F-33F2-4EF2-90ED-00C266C7AB0E}.Release|Any CPU.ActiveCfg = Release|Any CPU
		{A7E0501F-33F2-4EF2-90ED-00C266C7AB0E}.Release|Any CPU.Build.0 = Release|Any CPU
		{A7E0501F-33F2-4EF2-90ED-00C266C7AB0E}.Release|x64.ActiveCfg = Release|Any CPU
		{A7E0501F-33F2-4EF2-90ED-00C266C7AB0E}.Release|x64.Build.0 = Release|Any CPU
		{A7E0501F-33F2-4EF2-90ED-00C266C7AB0E}.Release|x86.ActiveCfg = Release|Any CPU
		{A7E0501F-33F2-4EF2-90ED-00C266C7AB0E}.Release|x86.Build.0 = Release|Any CPU
	EndGlobalSection
	GlobalSection(SolutionProperties) = preSolution
		HideSolutionNode = FALSE
	EndGlobalSection
	GlobalSection(ExtensibilityGlobals) = postSolution
		SolutionGuid = {95F246B6-ABC1-4899-A8C2-7161F18657F9}
	EndGlobalSection
EndGlobal
